{
  "lockfile_version": "1",
  "packages": {
    "cloudflared@latest": {
      "last_modified": "2025-05-16T20:19:48Z",
      "resolved": "github:NixOS/nixpkgs/12a55407652e04dcf2309436eb06fef0d3713ef3#cloudflared",
      "source": "devbox-search",
      "version": "2025.5.0",
      "systems": {
        "aarch64-darwin": {
          "outputs": [
            {
              "name": "out",
              "path": "/nix/store/840915cgiydgl4a5bxl52978n4vn4wbc-cloudflared-2025.5.0",
              "default": true
            }
          ],
          "store_path": "/nix/store/840915cgiydgl4a5bxl52978n4vn4wbc-cloudflared-2025.5.0"
        },
        "aarch64-linux": {
          "outputs": [
            {
              "name": "out",
              "path": "/nix/store/xjwz6kv2f0fi1aw0cdlg1mw0mqqvcdff-cloudflared-2025.5.0",
              "default": true
            }
          ],
          "store_path": "/nix/store/xjwz6kv2f0fi1aw0cdlg1mw0mqqvcdff-cloudflared-2025.5.0"
        },
        "x86_64-darwin": {
          "outputs": [
            {
              "name": "out",
              "path": "/nix/store/84zm4q5q089ci3j4js1nfy21j6vz6lka-cloudflared-2025.5.0",
              "default": true
            }
          ],
          "store_path": "/nix/store/84zm4q5q089ci3j4js1nfy21j6vz6lka-cloudflared-2025.5.0"
        },
        "x86_64-linux": {
          "outputs": [
            {
              "name": "out",
              "path": "/nix/store/ii1dwcwwyrppkz61wv3xbrwnzb9x8v34-cloudflared-2025.5.0",
              "default": true
            }
          ],
          "store_path": "/nix/store/ii1dwcwwyrppkz61wv3xbrwnzb9x8v34-cloudflared-2025.5.0"
        }
      }
    },
    "github:NixOS/nixpkgs/nixpkgs-unstable": {
      "last_modified": "2025-06-06T12:35:49Z",
      "resolved": "github:NixOS/nixpkgs/a4ff0e3c64846abea89662bfbacf037ef4b34207?lastModified=1749213349&narHash=sha256-UAaWOyQhdp7nXzsbmLVC67fo%2BQetzoTm9hsPf9X3yr4%3D"
    },
    "k9s@0.50.9": {
      "last_modified": "2025-07-20T07:42:04Z",
      "resolved": "github:NixOS/nixpkgs/7c688a0875df5a8c28a53fb55ae45e94eae0dddb#k9s",
      "source": "devbox-search",
      "version": "0.50.9",
      "systems": {
        "aarch64-darwin": {
          "outputs": [
            {
              "name": "out",
              "path": "/nix/store/bfi2rv8rr9xqp784rmfmj0am664dwn7y-k9s-0.50.9",
              "default": true
            }
          ],
          "store_path": "/nix/store/bfi2rv8rr9xqp784rmfmj0am664dwn7y-k9s-0.50.9"
        },
        "aarch64-linux": {
          "outputs": [
            {
              "name": "out",
              "path": "/nix/store/r9vxwkhd771ky6kn5bi5p710gsc54xac-k9s-0.50.9",
              "default": true
            }
          ],
          "store_path": "/nix/store/r9vxwkhd771ky6kn5bi5p710gsc54xac-k9s-0.50.9"
        },
        "x86_64-darwin": {
          "outputs": [
            {
              "name": "out",
              "path": "/nix/store/1mr4pmk1avvv38qhqzsfx3ng3q0wjxbq-k9s-0.50.9",
              "default": true
            }
          ],
          "store_path": "/nix/store/1mr4pmk1avvv38qhqzsfx3ng3q0wjxbq-k9s-0.50.9"
        },
        "x86_64-linux": {
          "outputs": [
            {
              "name": "out",
              "path": "/nix/store/9b4600vbqrfp9kdrias6cfncb1iv4i1g-k9s-0.50.9",
              "default": true
            }
          ],
          "store_path": "/nix/store/9b4600vbqrfp9kdrias6cfncb1iv4i1g-k9s-0.50.9"
        }
      }
    },
    "kubeconform@0.7.0": {
      "last_modified": "2025-05-16T20:19:48Z",
      "resolved": "github:NixOS/nixpkgs/12a55407652e04dcf2309436eb06fef0d3713ef3#kubeconform",
      "source": "devbox-search",
      "version": "0.7.0",
      "systems": {
        "aarch64-darwin": {
          "outputs": [
            {
              "name": "out",
              "path": "/nix/store/v5f4drhq1ib8riivsd5js3ps9ah1wg83-kubeconform-0.7.0",
              "default": true
            }
          ],
          "store_path": "/nix/store/v5f4drhq1ib8riivsd5js3ps9ah1wg83-kubeconform-0.7.0"
        },
        "aarch64-linux": {
          "outputs": [
            {
              "name": "out",
              "path": "/nix/store/50f8c2zyflalj6rygbrm911m05w2819i-kubeconform-0.7.0",
              "default": true
            }
          ],
          "store_path": "/nix/store/50f8c2zyflalj6rygbrm911m05w2819i-kubeconform-0.7.0"
        },
        "x86_64-darwin": {
          "outputs": [
            {
              "name": "out",
              "path": "/nix/store/hzzkhn4sy3lm100zf24klx6z5h7nn9fm-kubeconform-0.7.0",
              "default": true
            }
          ],
          "store_path": "/nix/store/hzzkhn4sy3lm100zf24klx6z5h7nn9fm-kubeconform-0.7.0"
        },
        "x86_64-linux": {
          "outputs": [
            {
              "name": "out",
              "path": "/nix/store/2xfbqm8b0as2q5xv41038hjqf3pbjkxv-kubeconform-0.7.0",
              "default": true
            }
          ],
          "store_path": "/nix/store/2xfbqm8b0as2q5xv41038hjqf3pbjkxv-kubeconform-0.7.0"
        }
      }
    },
    "kubectl@1.33.4": {
      "last_modified": "2025-09-18T16:33:27Z",
      "resolved": "github:NixOS/nixpkgs/f4b140d5b253f5e2a1ff4e5506edbf8267724bde#kubectl",
      "source": "devbox-search",
      "version": "1.33.4",
      "systems": {
        "aarch64-darwin": {
          "outputs": [
            {
              "name": "out",
              "path": "/nix/store/l9qa55xhnsif5bd8jc558pl2kraiwisx-kubectl-1.33.4",
              "default": true
            },
            {
              "name": "man",
              "path": "/nix/store/1ax04d2wdfp63df3gbjdsq523ql895yc-kubectl-1.33.4-man",
              "default": true
            },
            {
              "name": "convert",
              "path": "/nix/store/p7xb87g2vz00n97fhaaqwr9jdvcp5647-kubectl-1.33.4-convert"
            }
          ],
          "store_path": "/nix/store/l9qa55xhnsif5bd8jc558pl2kraiwisx-kubectl-1.33.4"
        },
        "aarch64-linux": {
          "outputs": [
            {
              "name": "out",
              "path": "/nix/store/a95sq4yvhbrh4njn49glnp2xmbd3k3q1-kubectl-1.33.4",
              "default": true
            },
            {
              "name": "man",
              "path": "/nix/store/5jnghhpmiympxr759s1pqbksg3gld6d8-kubectl-1.33.4-man",
              "default": true
            },
            {
              "name": "convert",
              "path": "/nix/store/5sxzhci6fxn8jv3x9xkab1jdb43ynpzr-kubectl-1.33.4-convert"
            }
          ],
          "store_path": "/nix/store/a95sq4yvhbrh4njn49glnp2xmbd3k3q1-kubectl-1.33.4"
        },
        "x86_64-darwin": {
          "outputs": [
            {
              "name": "out",
              "path": "/nix/store/417lxr3l5cy3m86iywhhrkbkx2j9y1xk-kubectl-1.33.4",
              "default": true
            },
            {
              "name": "man",
              "path": "/nix/store/q5gf3an5cmfzyl2wqw21ll01yfmjxm0j-kubectl-1.33.4-man",
              "default": true
            },
            {
              "name": "convert",
              "path": "/nix/store/2kfp817d37kbsrjh48f8l26hmf12b97z-kubectl-1.33.4-convert"
            }
          ],
          "store_path": "/nix/store/417lxr3l5cy3m86iywhhrkbkx2j9y1xk-kubectl-1.33.4"
        },
        "x86_64-linux": {
          "outputs": [
            {
              "name": "out",
              "path": "/nix/store/abp5rhv8vnij5k08m5id75vdq4nnkqqq-kubectl-1.33.4",
              "default": true
            },
            {
              "name": "man",
              "path": "/nix/store/75afy3w5985pck1f7bvwwq7gzawf9i9c-kubectl-1.33.4-man",
              "default": true
            },
            {
              "name": "convert",
              "path": "/nix/store/1yhls3wrancjn52md7552kyalbh7dd5b-kubectl-1.33.4-convert"
            }
          ],
          "store_path": "/nix/store/abp5rhv8vnij5k08m5id75vdq4nnkqqq-kubectl-1.33.4"
        }
      }
    },
    "kubernetes-helm@3.18.4": {
      "last_modified": "2025-07-09T16:14:05Z",
      "resolved": "github:NixOS/nixpkgs/be9e214982e20b8310878ac2baa063a961c1bdf6#kubernetes-helm",
      "source": "devbox-search",
      "version": "3.18.4",
      "systems": {
        "aarch64-darwin": {
          "outputs": [
            {
              "name": "out",
              "path": "/nix/store/zhqxq2ay7rkg69334i35h6db91lh6av6-kubernetes-helm-3.18.4",
              "default": true
            }
          ],
          "store_path": "/nix/store/zhqxq2ay7rkg69334i35h6db91lh6av6-kubernetes-helm-3.18.4"
        },
        "aarch64-linux": {
          "outputs": [
            {
              "name": "out",
              "path": "/nix/store/jbq5k7wk4jmc93i70pn6mvpcr26cv3q3-kubernetes-helm-3.18.4",
              "default": true
            }
          ],
          "store_path": "/nix/store/jbq5k7wk4jmc93i70pn6mvpcr26cv3q3-kubernetes-helm-3.18.4"
        },
        "x86_64-darwin": {
          "outputs": [
            {
              "name": "out",
              "path": "/nix/store/s462z4xn3x4sih6h6bqhrxm28al0z2zi-kubernetes-helm-3.18.4",
              "default": true
            }
          ],
          "store_path": "/nix/store/s462z4xn3x4sih6h6bqhrxm28al0z2zi-kubernetes-helm-3.18.4"
        },
        "x86_64-linux": {
          "outputs": [
            {
              "name": "out",
              "path": "/nix/store/sw9fbw43s72yi85ssgdicsqcizj9f288-kubernetes-helm-3.18.4",
              "default": true
            }
          ],
          "store_path": "/nix/store/sw9fbw43s72yi85ssgdicsqcizj9f288-kubernetes-helm-3.18.4"
        }
      }
    },
    "kustomize@latest": {
      "last_modified": "2025-05-16T20:19:48Z",
      "resolved": "github:NixOS/nixpkgs/12a55407652e04dcf2309436eb06fef0d3713ef3#kustomize",
      "source": "devbox-search",
      "version": "5.6.0",
      "systems": {
        "aarch64-darwin": {
          "outputs": [
            {
              "name": "out",
              "path": "/nix/store/spr7yrr1ajfmwkwx6qak45mpa67643cw-kustomize-5.6.0",
              "default": true
            }
          ],
          "store_path": "/nix/store/spr7yrr1ajfmwkwx6qak45mpa67643cw-kustomize-5.6.0"
        },
        "aarch64-linux": {
          "outputs": [
            {
              "name": "out",
              "path": "/nix/store/74dc4ysb9hypdqri86l4q13cnijn8ifg-kustomize-5.6.0",
              "default": true
            }
          ],
          "store_path": "/nix/store/74dc4ysb9hypdqri86l4q13cnijn8ifg-kustomize-5.6.0"
        },
        "x86_64-darwin": {
          "outputs": [
            {
              "name": "out",
              "path": "/nix/store/qwm24iw2z061cyv3fy4vdq9lrbf9y18q-kustomize-5.6.0",
              "default": true
            }
          ],
          "store_path": "/nix/store/qwm24iw2z061cyv3fy4vdq9lrbf9y18q-kustomize-5.6.0"
        },
        "x86_64-linux": {
          "outputs": [
            {
              "name": "out",
              "path": "/nix/store/cj6c54si3pfrrw3ikrfnin2nbp6ndcdk-kustomize-5.6.0",
              "default": true
            }
          ],
          "store_path": "/nix/store/cj6c54si3pfrrw3ikrfnin2nbp6ndcdk-kustomize-5.6.0"
        }
      }
    },
    "oci-cli@3.64.1": {
      "last_modified": "2025-09-18T16:33:27Z",
      "resolved": "github:NixOS/nixpkgs/f4b140d5b253f5e2a1ff4e5506edbf8267724bde#oci-cli",
      "source": "devbox-search",
      "version": "3.64.1",
      "systems": {
        "aarch64-darwin": {
          "outputs": [
            {
              "name": "out",
              "path": "/nix/store/didplwafzrvrcyd2lqzh7k11j33sis40-oci-cli-3.64.1",
              "default": true
            },
            {
              "name": "dist",
              "path": "/nix/store/qgzm23ggrwzmhf43c8sry3mzn11823bl-oci-cli-3.64.1-dist"
            }
          ],
          "store_path": "/nix/store/didplwafzrvrcyd2lqzh7k11j33sis40-oci-cli-3.64.1"
        },
        "aarch64-linux": {
          "outputs": [
            {
              "name": "out",
              "path": "/nix/store/w5r7mnvazhsdvfj4j0zcb7jkz1fx4s6n-oci-cli-3.64.1",
              "default": true
            },
            {
              "name": "dist",
              "path": "/nix/store/88nl9w9n3nqx21750z4vak20hfaqk51j-oci-cli-3.64.1-dist"
            }
          ],
          "store_path": "/nix/store/w5r7mnvazhsdvfj4j0zcb7jkz1fx4s6n-oci-cli-3.64.1"
        },
        "x86_64-darwin": {
          "outputs": [
            {
              "name": "out",
              "path": "/nix/store/b2g5k34n8a3gcp3iq5m5855ahcvm9yhl-oci-cli-3.64.1",
              "default": true
            },
            {
              "name": "dist",
              "path": "/nix/store/6ww88vjyx5dzzhb2g9xkf89s9kg1v5g6-oci-cli-3.64.1-dist"
            }
          ],
          "store_path": "/nix/store/b2g5k34n8a3gcp3iq5m5855ahcvm9yhl-oci-cli-3.64.1"
        },
        "x86_64-linux": {
          "outputs": [
            {
              "name": "out",
              "path": "/nix/store/4lxqrqij7rcm86cxzk0wcpd7i5cvf1mh-oci-cli-3.64.1",
              "default": true
            },
            {
              "name": "dist",
              "path": "/nix/store/mvlsl42iw6v9j7ij6z7vd9qzxjayhw70-oci-cli-3.64.1-dist"
            }
          ],
          "store_path": "/nix/store/4lxqrqij7rcm86cxzk0wcpd7i5cvf1mh-oci-cli-3.64.1"
        }
      }
    }
  }
}
