{
  "lockfile_version": "1",
  "packages": {
    "cloudflared@latest": {
      "last_modified": "2025-03-11T17:52:14Z",
      "resolved": "github:NixOS/nixpkgs/0d534853a55b5d02a4ababa1d71921ce8f0aee4c#cloudflared",
      "source": "devbox-search",
      "version": "2025.2.0",
      "systems": {
        "aarch64-darwin": {
          "outputs": [
            {
              "name": "out",
              "path": "/nix/store/yj77la0jifarxd77flmv6p5fbkpd0zfg-cloudflared-2025.2.0",
              "default": true
            }
          ],
          "store_path": "/nix/store/yj77la0jifarxd77flmv6p5fbkpd0zfg-cloudflared-2025.2.0"
        },
        "aarch64-linux": {
          "outputs": [
            {
              "name": "out",
              "path": "/nix/store/v5zq8j9cxwp4x5cizmawlhspj6s951ah-cloudflared-2025.2.0",
              "default": true
            }
          ],
          "store_path": "/nix/store/v5zq8j9cxwp4x5cizmawlhspj6s951ah-cloudflared-2025.2.0"
        },
        "x86_64-darwin": {
          "outputs": [
            {
              "name": "out",
              "path": "/nix/store/j18bzicd1l7i16fn2aq1ybz736zzbzip-cloudflared-2025.2.0",
              "default": true
            }
          ],
          "store_path": "/nix/store/j18bzicd1l7i16fn2aq1ybz736zzbzip-cloudflared-2025.2.0"
        },
        "x86_64-linux": {
          "outputs": [
            {
              "name": "out",
              "path": "/nix/store/s7kxff7341fnr1h2gwy0zb6grrl4yr0f-cloudflared-2025.2.0",
              "default": true
            }
          ],
          "store_path": "/nix/store/s7kxff7341fnr1h2gwy0zb6grrl4yr0f-cloudflared-2025.2.0"
        }
      }
    },
    "github:NixOS/nixpkgs/nixpkgs-unstable": {
      "resolved": "github:NixOS/nixpkgs/096478927c360bc18ea80c8274f013709cf7bdcd?lastModified=1742206328&narHash=sha256-q%2BAQ%2F%2F%2FoMnyyFzzF4H9ShSRENt3Zsx37jTiRkLkXXE0%3D"
    },
    "k9s@0.40.10": {
      "last_modified": "2025-03-19T06:05:51Z",
      "resolved": "github:NixOS/nixpkgs/44e422ba8ed1bdec9620b0733601669972f91170#k9s",
      "source": "devbox-search",
      "version": "0.40.10",
      "systems": {
        "aarch64-darwin": {
          "outputs": [
            {
              "name": "out",
              "path": "/nix/store/infabhdxccd7i6a2r52px0r6g8n5im4m-k9s-0.40.10",
              "default": true
            }
          ],
          "store_path": "/nix/store/infabhdxccd7i6a2r52px0r6g8n5im4m-k9s-0.40.10"
        },
        "aarch64-linux": {
          "outputs": [
            {
              "name": "out",
              "path": "/nix/store/bc6da7fr0wj0niqm7dsqs3fsy0xqjnmc-k9s-0.40.10",
              "default": true
            }
          ],
          "store_path": "/nix/store/bc6da7fr0wj0niqm7dsqs3fsy0xqjnmc-k9s-0.40.10"
        },
        "x86_64-darwin": {
          "outputs": [
            {
              "name": "out",
              "path": "/nix/store/knb8fzrvljhdhj3wkniyzmmj7ypay4n3-k9s-0.40.10",
              "default": true
            }
          ],
          "store_path": "/nix/store/knb8fzrvljhdhj3wkniyzmmj7ypay4n3-k9s-0.40.10"
        },
        "x86_64-linux": {
          "outputs": [
            {
              "name": "out",
              "path": "/nix/store/vjz71svbgk1m77sb2cazzsk48gxz881n-k9s-0.40.10",
              "default": true
            }
          ],
          "store_path": "/nix/store/vjz71svbgk1m77sb2cazzsk48gxz881n-k9s-0.40.10"
        }
      }
    },
    "kubeconform@latest": {
      "last_modified": "2025-03-11T17:52:14Z",
      "resolved": "github:NixOS/nixpkgs/0d534853a55b5d02a4ababa1d71921ce8f0aee4c#kubeconform",
      "source": "devbox-search",
      "version": "0.6.7",
      "systems": {
        "aarch64-darwin": {
          "outputs": [
            {
              "name": "out",
              "path": "/nix/store/xgr032ngds242jdfcii2mqbm3nppaa7g-kubeconform-0.6.7",
              "default": true
            }
          ],
          "store_path": "/nix/store/xgr032ngds242jdfcii2mqbm3nppaa7g-kubeconform-0.6.7"
        },
        "aarch64-linux": {
          "outputs": [
            {
              "name": "out",
              "path": "/nix/store/9ga6gcmffich7zkgxypms3n4b5b2bhmd-kubeconform-0.6.7",
              "default": true
            }
          ],
          "store_path": "/nix/store/9ga6gcmffich7zkgxypms3n4b5b2bhmd-kubeconform-0.6.7"
        },
        "x86_64-darwin": {
          "outputs": [
            {
              "name": "out",
              "path": "/nix/store/076xd8lvrvflxb392cpb24735bdgvz8m-kubeconform-0.6.7",
              "default": true
            }
          ],
          "store_path": "/nix/store/076xd8lvrvflxb392cpb24735bdgvz8m-kubeconform-0.6.7"
        },
        "x86_64-linux": {
          "outputs": [
            {
              "name": "out",
              "path": "/nix/store/ri5sknv1b9ndnkjn6acwhkg9pabqzrw0-kubeconform-0.6.7",
              "default": true
            }
          ],
          "store_path": "/nix/store/ri5sknv1b9ndnkjn6acwhkg9pabqzrw0-kubeconform-0.6.7"
        }
      }
    },
    "kubectl@1.32.3": {
      "last_modified": "2025-03-22T01:19:59Z",
      "resolved": "github:NixOS/nixpkgs/0740f6f238767d4caf9afe774d3e88105766dfc6#kubectl",
      "source": "devbox-search",
      "version": "1.32.3",
      "systems": {
        "aarch64-darwin": {
          "outputs": [
            {
              "name": "out",
              "path": "/nix/store/7b2rpxkv6v4a29bk9dp4gqs57zhf9v9p-kubectl-1.32.3",
              "default": true
            },
            {
              "name": "man",
              "path": "/nix/store/rm3753bbn2kxmwyxy7rir8z80g71lrrx-kubectl-1.32.3-man",
              "default": true
            },
            {
              "name": "convert",
              "path": "/nix/store/fi6g9qi63p7ivvz3qsipfaxmym7qi623-kubectl-1.32.3-convert"
            }
          ],
          "store_path": "/nix/store/7b2rpxkv6v4a29bk9dp4gqs57zhf9v9p-kubectl-1.32.3"
        },
        "aarch64-linux": {
          "outputs": [
            {
              "name": "out",
              "path": "/nix/store/xxngczzyxq22m1i8pc9a57w16kzir33f-kubectl-1.32.3",
              "default": true
            },
            {
              "name": "man",
              "path": "/nix/store/n547iajzrqypmy89s5j2iyrdjn56fd5v-kubectl-1.32.3-man",
              "default": true
            },
            {
              "name": "convert",
              "path": "/nix/store/0frwvbmd2zxx2n1s7vw15cbdj7iw95js-kubectl-1.32.3-convert"
            }
          ],
          "store_path": "/nix/store/xxngczzyxq22m1i8pc9a57w16kzir33f-kubectl-1.32.3"
        },
        "x86_64-darwin": {
          "outputs": [
            {
              "name": "out",
              "path": "/nix/store/95lpgw52n8x18ams6bz9nm68sml870rs-kubectl-1.32.3",
              "default": true
            },
            {
              "name": "man",
              "path": "/nix/store/3ilj3sca004bmzi0kp2lwihbqb2j2j2l-kubectl-1.32.3-man",
              "default": true
            },
            {
              "name": "convert",
              "path": "/nix/store/k2wr9b02pgyj7r5fz959vxys2w3s4j5v-kubectl-1.32.3-convert"
            }
          ],
          "store_path": "/nix/store/95lpgw52n8x18ams6bz9nm68sml870rs-kubectl-1.32.3"
        },
        "x86_64-linux": {
          "outputs": [
            {
              "name": "out",
              "path": "/nix/store/fjcd0hsivc5h56ndpg357i3rwvygxr7i-kubectl-1.32.3",
              "default": true
            },
            {
              "name": "man",
              "path": "/nix/store/ly41y2ja108cp9jpqc77s2sayvbahliw-kubectl-1.32.3-man",
              "default": true
            },
            {
              "name": "convert",
              "path": "/nix/store/1ph5mjp12w3snxc2clc24akc5mwlzb47-kubectl-1.32.3-convert"
            }
          ],
          "store_path": "/nix/store/fjcd0hsivc5h56ndpg357i3rwvygxr7i-kubectl-1.32.3"
        }
      }
    },
    "kubernetes-helm@3.17.2": {
      "last_modified": "2025-03-16T16:17:41Z",
      "resolved": "github:NixOS/nixpkgs/8f76cf16b17c51ae0cc8e55488069593f6dab645#kubernetes-helm",
      "source": "devbox-search",
      "version": "3.17.2",
      "systems": {
        "aarch64-darwin": {
          "outputs": [
            {
              "name": "out",
              "path": "/nix/store/brc3q5prx53ip89csfg37g9ydwwgfd1p-kubernetes-helm-3.17.2",
              "default": true
            }
          ],
          "store_path": "/nix/store/brc3q5prx53ip89csfg37g9ydwwgfd1p-kubernetes-helm-3.17.2"
        },
        "aarch64-linux": {
          "outputs": [
            {
              "name": "out",
              "path": "/nix/store/xrgs4la1szz3f3kf7w9g21wzp30mdfy2-kubernetes-helm-3.17.2",
              "default": true
            }
          ],
          "store_path": "/nix/store/xrgs4la1szz3f3kf7w9g21wzp30mdfy2-kubernetes-helm-3.17.2"
        },
        "x86_64-darwin": {
          "outputs": [
            {
              "name": "out",
              "path": "/nix/store/r10crkfz1nfn5yq18670jbsbjf09l4fg-kubernetes-helm-3.17.2",
              "default": true
            }
          ],
          "store_path": "/nix/store/r10crkfz1nfn5yq18670jbsbjf09l4fg-kubernetes-helm-3.17.2"
        },
        "x86_64-linux": {
          "outputs": [
            {
              "name": "out",
              "path": "/nix/store/0lhjm5b1k49rsirsrvsqasbrv1im6w6j-kubernetes-helm-3.17.2",
              "default": true
            }
          ],
          "store_path": "/nix/store/0lhjm5b1k49rsirsrvsqasbrv1im6w6j-kubernetes-helm-3.17.2"
        }
      }
    },
    "kustomize@latest": {
      "last_modified": "2025-03-11T17:52:14Z",
      "resolved": "github:NixOS/nixpkgs/0d534853a55b5d02a4ababa1d71921ce8f0aee4c#kustomize",
      "source": "devbox-search",
      "version": "5.6.0",
      "systems": {
        "aarch64-darwin": {
          "outputs": [
            {
              "name": "out",
              "path": "/nix/store/psv0pkib82866f7062hrmmmwc2i0csbf-kustomize-5.6.0",
              "default": true
            }
          ],
          "store_path": "/nix/store/psv0pkib82866f7062hrmmmwc2i0csbf-kustomize-5.6.0"
        },
        "aarch64-linux": {
          "outputs": [
            {
              "name": "out",
              "path": "/nix/store/xa8s3a4fafwl36a5kb2xwwph8w36rw6y-kustomize-5.6.0",
              "default": true
            }
          ],
          "store_path": "/nix/store/xa8s3a4fafwl36a5kb2xwwph8w36rw6y-kustomize-5.6.0"
        },
        "x86_64-darwin": {
          "outputs": [
            {
              "name": "out",
              "path": "/nix/store/hbn2n3x511s7v7cnn5rw6ln01yk2syp6-kustomize-5.6.0",
              "default": true
            }
          ],
          "store_path": "/nix/store/hbn2n3x511s7v7cnn5rw6ln01yk2syp6-kustomize-5.6.0"
        },
        "x86_64-linux": {
          "outputs": [
            {
              "name": "out",
              "path": "/nix/store/cwclm6315x1cn2kswzfhfcqp13qf44b0-kustomize-5.6.0",
              "default": true
            }
          ],
          "store_path": "/nix/store/cwclm6315x1cn2kswzfhfcqp13qf44b0-kustomize-5.6.0"
        }
      }
    },
    "oci-cli@3.53.0": {
      "last_modified": "2025-03-21T08:42:37Z",
      "resolved": "github:NixOS/nixpkgs/bfa9810ff7104a17555ab68ebdeafb6705f129b1#oci-cli",
      "source": "devbox-search",
      "version": "3.53.0",
      "systems": {
        "aarch64-darwin": {
          "outputs": [
            {
              "name": "out",
              "path": "/nix/store/p9p405l3x4sf4a32dm0g9sk9mqcpxxvy-oci-cli-3.53.0",
              "default": true
            },
            {
              "name": "dist",
              "path": "/nix/store/q0ccpls7lxvbdbhp65n38f5q362bbkj8-oci-cli-3.53.0-dist"
            }
          ],
          "store_path": "/nix/store/p9p405l3x4sf4a32dm0g9sk9mqcpxxvy-oci-cli-3.53.0"
        },
        "aarch64-linux": {
          "outputs": [
            {
              "name": "out",
              "path": "/nix/store/q8j0qmy472dbzr9hp7fbbcavjw5li4bc-oci-cli-3.53.0",
              "default": true
            },
            {
              "name": "dist",
              "path": "/nix/store/g85z762whg4ns4206102bz4j8ksah7cv-oci-cli-3.53.0-dist"
            }
          ],
          "store_path": "/nix/store/q8j0qmy472dbzr9hp7fbbcavjw5li4bc-oci-cli-3.53.0"
        },
        "x86_64-darwin": {
          "outputs": [
            {
              "name": "out",
              "path": "/nix/store/13s8l59p41kpzgln4yp3vkdgl5rs1wgr-oci-cli-3.53.0",
              "default": true
            },
            {
              "name": "dist",
              "path": "/nix/store/fp93kapf5wf2nwyqyn15pcsw5kyx9qcc-oci-cli-3.53.0-dist"
            }
          ],
          "store_path": "/nix/store/13s8l59p41kpzgln4yp3vkdgl5rs1wgr-oci-cli-3.53.0"
        },
        "x86_64-linux": {
          "outputs": [
            {
              "name": "out",
              "path": "/nix/store/k68z0ifql6096xd0272k1ns67pr2h18l-oci-cli-3.53.0",
              "default": true
            },
            {
              "name": "dist",
              "path": "/nix/store/ybd78pbva2rfqvgzx4mgpk9r1y3x35fj-oci-cli-3.53.0-dist"
            }
          ],
          "store_path": "/nix/store/k68z0ifql6096xd0272k1ns67pr2h18l-oci-cli-3.53.0"
        }
      }
    }
  }
}
