{
  "lockfile_version": "1",
  "packages": {
    "cloudflared@latest": {
      "last_modified": "2025-03-11T17:52:14Z",
      "resolved": "github:NixOS/nixpkgs/0d534853a55b5d02a4ababa1d71921ce8f0aee4c#cloudflared",
      "source": "devbox-search",
      "version": "2025.2.0",
      "systems": {
        "aarch64-darwin": {
          "outputs": [
            {
              "name": "out",
              "path": "/nix/store/yj77la0jifarxd77flmv6p5fbkpd0zfg-cloudflared-2025.2.0",
              "default": true
            }
          ],
          "store_path": "/nix/store/yj77la0jifarxd77flmv6p5fbkpd0zfg-cloudflared-2025.2.0"
        },
        "aarch64-linux": {
          "outputs": [
            {
              "name": "out",
              "path": "/nix/store/v5zq8j9cxwp4x5cizmawlhspj6s951ah-cloudflared-2025.2.0",
              "default": true
            }
          ],
          "store_path": "/nix/store/v5zq8j9cxwp4x5cizmawlhspj6s951ah-cloudflared-2025.2.0"
        },
        "x86_64-darwin": {
          "outputs": [
            {
              "name": "out",
              "path": "/nix/store/j18bzicd1l7i16fn2aq1ybz736zzbzip-cloudflared-2025.2.0",
              "default": true
            }
          ],
          "store_path": "/nix/store/j18bzicd1l7i16fn2aq1ybz736zzbzip-cloudflared-2025.2.0"
        },
        "x86_64-linux": {
          "outputs": [
            {
              "name": "out",
              "path": "/nix/store/s7kxff7341fnr1h2gwy0zb6grrl4yr0f-cloudflared-2025.2.0",
              "default": true
            }
          ],
          "store_path": "/nix/store/s7kxff7341fnr1h2gwy0zb6grrl4yr0f-cloudflared-2025.2.0"
        }
      }
    },
    "github:NixOS/nixpkgs/nixpkgs-unstable": {
      "resolved": "github:NixOS/nixpkgs/096478927c360bc18ea80c8274f013709cf7bdcd?lastModified=1742206328&narHash=sha256-q%2BAQ%2F%2F%2FoMnyyFzzF4H9ShSRENt3Zsx37jTiRkLkXXE0%3D"
    },
    "k9s@0.40.10": {
      "last_modified": "2025-03-19T06:05:51Z",
      "resolved": "github:NixOS/nixpkgs/44e422ba8ed1bdec9620b0733601669972f91170#k9s",
      "source": "devbox-search",
      "version": "0.40.10",
      "systems": {
        "aarch64-darwin": {
          "outputs": [
            {
              "name": "out",
              "path": "/nix/store/infabhdxccd7i6a2r52px0r6g8n5im4m-k9s-0.40.10",
              "default": true
            }
          ],
          "store_path": "/nix/store/infabhdxccd7i6a2r52px0r6g8n5im4m-k9s-0.40.10"
        },
        "aarch64-linux": {
          "outputs": [
            {
              "name": "out",
              "path": "/nix/store/bc6da7fr0wj0niqm7dsqs3fsy0xqjnmc-k9s-0.40.10",
              "default": true
            }
          ],
          "store_path": "/nix/store/bc6da7fr0wj0niqm7dsqs3fsy0xqjnmc-k9s-0.40.10"
        },
        "x86_64-darwin": {
          "outputs": [
            {
              "name": "out",
              "path": "/nix/store/knb8fzrvljhdhj3wkniyzmmj7ypay4n3-k9s-0.40.10",
              "default": true
            }
          ],
          "store_path": "/nix/store/knb8fzrvljhdhj3wkniyzmmj7ypay4n3-k9s-0.40.10"
        },
        "x86_64-linux": {
          "outputs": [
            {
              "name": "out",
              "path": "/nix/store/vjz71svbgk1m77sb2cazzsk48gxz881n-k9s-0.40.10",
              "default": true
            }
          ],
          "store_path": "/nix/store/vjz71svbgk1m77sb2cazzsk48gxz881n-k9s-0.40.10"
        }
      }
    },
    "kubeconform@latest": {
      "last_modified": "2025-03-11T17:52:14Z",
      "resolved": "github:NixOS/nixpkgs/0d534853a55b5d02a4ababa1d71921ce8f0aee4c#kubeconform",
      "source": "devbox-search",
      "version": "0.6.7",
      "systems": {
        "aarch64-darwin": {
          "outputs": [
            {
              "name": "out",
              "path": "/nix/store/xgr032ngds242jdfcii2mqbm3nppaa7g-kubeconform-0.6.7",
              "default": true
            }
          ],
          "store_path": "/nix/store/xgr032ngds242jdfcii2mqbm3nppaa7g-kubeconform-0.6.7"
        },
        "aarch64-linux": {
          "outputs": [
            {
              "name": "out",
              "path": "/nix/store/9ga6gcmffich7zkgxypms3n4b5b2bhmd-kubeconform-0.6.7",
              "default": true
            }
          ],
          "store_path": "/nix/store/9ga6gcmffich7zkgxypms3n4b5b2bhmd-kubeconform-0.6.7"
        },
        "x86_64-darwin": {
          "outputs": [
            {
              "name": "out",
              "path": "/nix/store/076xd8lvrvflxb392cpb24735bdgvz8m-kubeconform-0.6.7",
              "default": true
            }
          ],
          "store_path": "/nix/store/076xd8lvrvflxb392cpb24735bdgvz8m-kubeconform-0.6.7"
        },
        "x86_64-linux": {
          "outputs": [
            {
              "name": "out",
              "path": "/nix/store/ri5sknv1b9ndnkjn6acwhkg9pabqzrw0-kubeconform-0.6.7",
              "default": true
            }
          ],
          "store_path": "/nix/store/ri5sknv1b9ndnkjn6acwhkg9pabqzrw0-kubeconform-0.6.7"
        }
      }
    },
    "kubectl@latest": {
      "last_modified": "2025-03-11T17:52:14Z",
      "resolved": "github:NixOS/nixpkgs/0d534853a55b5d02a4ababa1d71921ce8f0aee4c#kubectl",
      "source": "devbox-search",
      "version": "1.32.2",
      "systems": {
        "aarch64-darwin": {
          "outputs": [
            {
              "name": "out",
              "path": "/nix/store/cr69x3lwm2bvicn21xijyswvvfvckb78-kubectl-1.32.2",
              "default": true
            },
            {
              "name": "man",
              "path": "/nix/store/h827jr60kqihjv4kgasfibhsrg4hbxmd-kubectl-1.32.2-man",
              "default": true
            },
            {
              "name": "convert",
              "path": "/nix/store/554dpvy977n9871yvc21nqhsnqkdg5fr-kubectl-1.32.2-convert"
            }
          ],
          "store_path": "/nix/store/cr69x3lwm2bvicn21xijyswvvfvckb78-kubectl-1.32.2"
        },
        "aarch64-linux": {
          "outputs": [
            {
              "name": "out",
              "path": "/nix/store/ln7cfszvc6gjjrarbv0ipf1h8yzgkl46-kubectl-1.32.2",
              "default": true
            },
            {
              "name": "man",
              "path": "/nix/store/m79ivh1p7158mycrxiqslsdwqz0a2y15-kubectl-1.32.2-man",
              "default": true
            },
            {
              "name": "convert",
              "path": "/nix/store/x9c450w9l5l9hdb4sqvysi6wlsg522x7-kubectl-1.32.2-convert"
            }
          ],
          "store_path": "/nix/store/ln7cfszvc6gjjrarbv0ipf1h8yzgkl46-kubectl-1.32.2"
        },
        "x86_64-darwin": {
          "outputs": [
            {
              "name": "out",
              "path": "/nix/store/i31rmk5c0cj83i961kamvnz6wns61rr5-kubectl-1.32.2",
              "default": true
            },
            {
              "name": "man",
              "path": "/nix/store/bxxybbhglqz5dcrqfziil75kfp0xgbsf-kubectl-1.32.2-man",
              "default": true
            },
            {
              "name": "convert",
              "path": "/nix/store/4pma212svdc8gvicxrs9dwv1d070jz6x-kubectl-1.32.2-convert"
            }
          ],
          "store_path": "/nix/store/i31rmk5c0cj83i961kamvnz6wns61rr5-kubectl-1.32.2"
        },
        "x86_64-linux": {
          "outputs": [
            {
              "name": "out",
              "path": "/nix/store/z71m7l32ll43nb5cpfs5fb3acaz3rpx2-kubectl-1.32.2",
              "default": true
            },
            {
              "name": "man",
              "path": "/nix/store/0nwm2ksngri57gvgn2vvpcvy2gcz79bb-kubectl-1.32.2-man",
              "default": true
            },
            {
              "name": "convert",
              "path": "/nix/store/52cf0bmr4pqpid2nid4l1b9i1zr8zkgn-kubectl-1.32.2-convert"
            }
          ],
          "store_path": "/nix/store/z71m7l32ll43nb5cpfs5fb3acaz3rpx2-kubectl-1.32.2"
        }
      }
    },
    "kubernetes-helm@3.17.2": {
      "last_modified": "2025-03-16T16:17:41Z",
      "resolved": "github:NixOS/nixpkgs/8f76cf16b17c51ae0cc8e55488069593f6dab645#kubernetes-helm",
      "source": "devbox-search",
      "version": "3.17.2",
      "systems": {
        "aarch64-darwin": {
          "outputs": [
            {
              "name": "out",
              "path": "/nix/store/brc3q5prx53ip89csfg37g9ydwwgfd1p-kubernetes-helm-3.17.2",
              "default": true
            }
          ],
          "store_path": "/nix/store/brc3q5prx53ip89csfg37g9ydwwgfd1p-kubernetes-helm-3.17.2"
        },
        "aarch64-linux": {
          "outputs": [
            {
              "name": "out",
              "path": "/nix/store/xrgs4la1szz3f3kf7w9g21wzp30mdfy2-kubernetes-helm-3.17.2",
              "default": true
            }
          ],
          "store_path": "/nix/store/xrgs4la1szz3f3kf7w9g21wzp30mdfy2-kubernetes-helm-3.17.2"
        },
        "x86_64-darwin": {
          "outputs": [
            {
              "name": "out",
              "path": "/nix/store/r10crkfz1nfn5yq18670jbsbjf09l4fg-kubernetes-helm-3.17.2",
              "default": true
            }
          ],
          "store_path": "/nix/store/r10crkfz1nfn5yq18670jbsbjf09l4fg-kubernetes-helm-3.17.2"
        },
        "x86_64-linux": {
          "outputs": [
            {
              "name": "out",
              "path": "/nix/store/0lhjm5b1k49rsirsrvsqasbrv1im6w6j-kubernetes-helm-3.17.2",
              "default": true
            }
          ],
          "store_path": "/nix/store/0lhjm5b1k49rsirsrvsqasbrv1im6w6j-kubernetes-helm-3.17.2"
        }
      }
    },
    "kustomize@latest": {
      "last_modified": "2025-03-11T17:52:14Z",
      "resolved": "github:NixOS/nixpkgs/0d534853a55b5d02a4ababa1d71921ce8f0aee4c#kustomize",
      "source": "devbox-search",
      "version": "5.6.0",
      "systems": {
        "aarch64-darwin": {
          "outputs": [
            {
              "name": "out",
              "path": "/nix/store/psv0pkib82866f7062hrmmmwc2i0csbf-kustomize-5.6.0",
              "default": true
            }
          ],
          "store_path": "/nix/store/psv0pkib82866f7062hrmmmwc2i0csbf-kustomize-5.6.0"
        },
        "aarch64-linux": {
          "outputs": [
            {
              "name": "out",
              "path": "/nix/store/xa8s3a4fafwl36a5kb2xwwph8w36rw6y-kustomize-5.6.0",
              "default": true
            }
          ],
          "store_path": "/nix/store/xa8s3a4fafwl36a5kb2xwwph8w36rw6y-kustomize-5.6.0"
        },
        "x86_64-darwin": {
          "outputs": [
            {
              "name": "out",
              "path": "/nix/store/hbn2n3x511s7v7cnn5rw6ln01yk2syp6-kustomize-5.6.0",
              "default": true
            }
          ],
          "store_path": "/nix/store/hbn2n3x511s7v7cnn5rw6ln01yk2syp6-kustomize-5.6.0"
        },
        "x86_64-linux": {
          "outputs": [
            {
              "name": "out",
              "path": "/nix/store/cwclm6315x1cn2kswzfhfcqp13qf44b0-kustomize-5.6.0",
              "default": true
            }
          ],
          "store_path": "/nix/store/cwclm6315x1cn2kswzfhfcqp13qf44b0-kustomize-5.6.0"
        }
      }
    },
    "oci-cli@3.53.0": {
      "last_modified": "2025-03-21T08:42:37Z",
      "resolved": "github:NixOS/nixpkgs/bfa9810ff7104a17555ab68ebdeafb6705f129b1#oci-cli",
      "source": "devbox-search",
      "version": "3.53.0",
      "systems": {
        "aarch64-darwin": {
          "outputs": [
            {
              "name": "out",
              "path": "/nix/store/p9p405l3x4sf4a32dm0g9sk9mqcpxxvy-oci-cli-3.53.0",
              "default": true
            },
            {
              "name": "dist",
              "path": "/nix/store/q0ccpls7lxvbdbhp65n38f5q362bbkj8-oci-cli-3.53.0-dist"
            }
          ],
          "store_path": "/nix/store/p9p405l3x4sf4a32dm0g9sk9mqcpxxvy-oci-cli-3.53.0"
        },
        "aarch64-linux": {
          "outputs": [
            {
              "name": "out",
              "path": "/nix/store/q8j0qmy472dbzr9hp7fbbcavjw5li4bc-oci-cli-3.53.0",
              "default": true
            },
            {
              "name": "dist",
              "path": "/nix/store/g85z762whg4ns4206102bz4j8ksah7cv-oci-cli-3.53.0-dist"
            }
          ],
          "store_path": "/nix/store/q8j0qmy472dbzr9hp7fbbcavjw5li4bc-oci-cli-3.53.0"
        },
        "x86_64-darwin": {
          "outputs": [
            {
              "name": "out",
              "path": "/nix/store/13s8l59p41kpzgln4yp3vkdgl5rs1wgr-oci-cli-3.53.0",
              "default": true
            },
            {
              "name": "dist",
              "path": "/nix/store/fp93kapf5wf2nwyqyn15pcsw5kyx9qcc-oci-cli-3.53.0-dist"
            }
          ],
          "store_path": "/nix/store/13s8l59p41kpzgln4yp3vkdgl5rs1wgr-oci-cli-3.53.0"
        },
        "x86_64-linux": {
          "outputs": [
            {
              "name": "out",
              "path": "/nix/store/k68z0ifql6096xd0272k1ns67pr2h18l-oci-cli-3.53.0",
              "default": true
            },
            {
              "name": "dist",
              "path": "/nix/store/ybd78pbva2rfqvgzx4mgpk9r1y3x35fj-oci-cli-3.53.0-dist"
            }
          ],
          "store_path": "/nix/store/k68z0ifql6096xd0272k1ns67pr2h18l-oci-cli-3.53.0"
        }
      }
    }
  }
}
